
Microsoft Visual Studio Solution File, Format Version 12.00
Project("{2150E333-8FDC-42A3-9474-1A3956D46DE8}") = "Clients", "Clients", "{ED99F390-A0AC-4DA4-B69E-D988573CB1F0}"
EndProject
Project("{2150E333-8FDC-42A3-9474-1A3956D46DE8}") = "Core", "Core", "{F29632C5-5B61-4B5D-8EA6-26D09DF66E33}"
EndProject
Project("{2150E333-8FDC-42A3-9474-1A3956D46DE8}") = "Infrastructure", "Infrastructure", "{4CBF7CF2-9ACA-469C-B843-DDFBA22E0785}"
EndProject
Project("{FAE04EC0-301F-11D3-BF4B-00C04F79EFBC}") = "XClone.Application", "XClone.Application\XClone.Application.csproj", "{87132917-D213-4137-9D2C-8648D5593565}"
EndProject
Project("{FAE04EC0-301F-11D3-BF4B-00C04F79EFBC}") = "XClone.Domain", "XClone.Domain\XClone.Domain.csproj", "{69DFA263-5D00-4384-8C56-B3AD189AD759}"
EndProject
Project("{FAE04EC0-301F-11D3-BF4B-00C04F79EFBC}") = "XClone.Infra.Cosmos", "XClone.Infra.Cosmos\XClone.Infra.Cosmos.csproj", "{AF869D00-93CB-4194-B5BA-89DBC035777E}"
EndProject
Project("{FAE04EC0-301F-11D3-BF4B-00C04F79EFBC}") = "XClone.Infra.SqlServer", "XClone.Infra.SqlServer\XClone.Infra.SqlServer.csproj", "{B7513AC8-5F91-448E-AB92-04958F97EFE1}"
EndProject
Project("{FAE04EC0-301F-11D3-BF4B-00C04F79EFBC}") = "XClone.API", "XClone.API\XClone.API.csproj", "{D8BF143F-9EE1-49B1-BEED-EF2C0E85B6A6}"
EndProject
Global
	GlobalSection(SolutionConfigurationPlatforms) = preSolution
		Debug|Any CPU = Debug|Any CPU
		Release|Any CPU = Release|Any CPU
	EndGlobalSection
	GlobalSection(NestedProjects) = preSolution
		{87132917-D213-4137-9D2C-8648D5593565} = {F29632C5-5B61-4B5D-8EA6-26D09DF66E33}
		{69DFA263-5D00-4384-8C56-B3AD189AD759} = {F29632C5-5B61-4B5D-8EA6-26D09DF66E33}
		{AF869D00-93CB-4194-B5BA-89DBC035777E} = {4CBF7CF2-9ACA-469C-B843-DDFBA22E0785}
		{B7513AC8-5F91-448E-AB92-04958F97EFE1} = {4CBF7CF2-9ACA-469C-B843-DDFBA22E0785}
		{D8BF143F-9EE1-49B1-BEED-EF2C0E85B6A6} = {ED99F390-A0AC-4DA4-B69E-D988573CB1F0}
	EndGlobalSection
	GlobalSection(ProjectConfigurationPlatforms) = postSolution
		{87132917-D213-4137-9D2C-8648D5593565}.Debug|Any CPU.ActiveCfg = Debug|Any CPU
		{87132917-D213-4137-9D2C-8648D5593565}.Debug|Any CPU.Build.0 = Debug|Any CPU
		{87132917-D213-4137-9D2C-8648D5593565}.Release|Any CPU.ActiveCfg = Release|Any CPU
		{87132917-D213-4137-9D2C-8648D5593565}.Release|Any CPU.Build.0 = Release|Any CPU
		{69DFA263-5D00-4384-8C56-B3AD189AD759}.Debug|Any CPU.ActiveCfg = Debug|Any CPU
		{69DFA263-5D00-4384-8C56-B3AD189AD759}.Debug|Any CPU.Build.0 = Debug|Any CPU
		{69DFA263-5D00-4384-8C56-B3AD189AD759}.Release|Any CPU.ActiveCfg = Release|Any CPU
		{69DFA263-5D00-4384-8C56-B3AD189AD759}.Release|Any CPU.Build.0 = Release|Any CPU
		{AF869D00-93CB-4194-B5BA-89DBC035777E}.Debug|Any CPU.ActiveCfg = Debug|Any CPU
		{AF869D00-93CB-4194-B5BA-89DBC035777E}.Debug|Any CPU.Build.0 = Debug|Any CPU
		{AF869D00-93CB-4194-B5BA-89DBC035777E}.Release|Any CPU.ActiveCfg = Release|Any CPU
		{AF869D00-93CB-4194-B5BA-89DBC035777E}.Release|Any CPU.Build.0 = Release|Any CPU
		{B7513AC8-5F91-448E-AB92-04958F97EFE1}.Debug|Any CPU.ActiveCfg = Debug|Any CPU
		{B7513AC8-5F91-448E-AB92-04958F97EFE1}.Debug|Any CPU.Build.0 = Debug|Any CPU
		{B7513AC8-5F91-448E-AB92-04958F97EFE1}.Release|Any CPU.ActiveCfg = Release|Any CPU
		{B7513AC8-5F91-448E-AB92-04958F97EFE1}.Release|Any CPU.Build.0 = Release|Any CPU
		{D8BF143F-9EE1-49B1-BEED-EF2C0E85B6A6}.Debug|Any CPU.ActiveCfg = Debug|Any CPU
		{D8BF143F-9EE1-49B1-BEED-EF2C0E85B6A6}.Debug|Any CPU.Build.0 = Debug|Any CPU
		{D8BF143F-9EE1-49B1-BEED-EF2C0E85B6A6}.Release|Any CPU.ActiveCfg = Release|Any CPU
		{D8BF143F-9EE1-49B1-BEED-EF2C0E85B6A6}.Release|Any CPU.Build.0 = Release|Any CPU
	EndGlobalSection
EndGlobal
